
Microsoft Visual Studio Solution File, Format Version 12.00
# Visual Studio Version 17
VisualStudioVersion = 17.14.36408.4 d17.14
MinimumVisualStudioVersion = 10.0.40219.1
Project("{FAE04EC0-301F-11D3-BF4B-00C04F79EFBC}") = "ContactCatalogue", "ContactCatalogue\ContactCatalogue.csproj", "{DFB9AE1B-F6D6-4E74-A919-99E63CCC0ABE}"
EndProject
Global
	GlobalSection(SolutionConfigurationPlatforms) = preSolution
		Debug|Any CPU = Debug|Any CPU
		Release|Any CPU = Release|Any CPU
	EndGlobalSection
	GlobalSection(ProjectConfigurationPlatforms) = postSolution
		{DFB9AE1B-F6D6-4E74-A919-99E63CCC0ABE}.Debug|Any CPU.ActiveCfg = Debug|Any CPU
		{DFB9AE1B-F6D6-4E74-A919-99E63CCC0ABE}.Debug|Any CPU.Build.0 = Debug|Any CPU
		{DFB9AE1B-F6D6-4E74-A919-99E63CCC0ABE}.Release|Any CPU.ActiveCfg = Release|Any CPU
		{DFB9AE1B-F6D6-4E74-A919-99E63CCC0ABE}.Release|Any CPU.Build.0 = Release|Any CPU
	EndGlobalSection
	GlobalSection(SolutionProperties) = preSolution
		HideSolutionNode = FALSE
	EndGlobalSection
	GlobalSection(ExtensibilityGlobals) = postSolution
		SolutionGuid = {A2F28D2F-3E73-4061-BAA3-8C98527BFE1B}
	EndGlobalSection
EndGlobal
